<?xml version="1.0" encoding="UTF-8"?>
<!DOCTYPE plist PUBLIC "-//Apple//DTD PLIST 1.0//EN" "http://www.apple.com/DTDs/PropertyList-1.0.dtd">
<plist version="1.0">
<dict>
	<key>archiveVersion</key>
	<string>1</string>
	<key>classes</key>
	<dict/>
	<key>objectVersion</key>
	<string>46</string>
	<key>objects</key>
	<dict>
		<key>205BF4FF199B0B310070358A</key>
		<dict>
			<key>children</key>
			<array>
				<string>205BF513199B0B310070358A</string>
				<string>205BF530199B0B320070358A</string>
				<string>205BF50A199B0B310070358A</string>
				<string>205BF509199B0B310070358A</string>
			</array>
			<key>isa</key>
			<string>PBXGroup</string>
			<key>sourceTree</key>
			<string>&lt;group&gt;</string>
		</dict>
		<key>205BF500199B0B310070358A</key>
		<dict>
			<key>attributes</key>
			<dict>
				<key>CLASSPREFIX</key>
				<string>PPR</string>
				<key>LastUpgradeCheck</key>
				<string>0510</string>
				<key>ORGANIZATIONNAME</key>
				<string>Pegwing Pty Ltd</string>
				<key>TargetAttributes</key>
				<dict>
					<key>205BF507199B0B310070358A</key>
					<dict>
						<key>DevelopmentTeam</key>
						<string>VY33H569Y3</string>
					</dict>
					<key>205BF527199B0B320070358A</key>
					<dict>
						<key>TestTargetID</key>
						<string>205BF507199B0B310070358A</string>
					</dict>
				</dict>
			</dict>
			<key>buildConfigurationList</key>
			<string>205BF503199B0B310070358A</string>
			<key>compatibilityVersion</key>
			<string>Xcode 3.2</string>
			<key>developmentRegion</key>
			<string>English</string>
			<key>hasScannedForEncodings</key>
			<string>0</string>
			<key>isa</key>
			<string>PBXProject</string>
			<key>knownRegions</key>
			<array>
				<string>en</string>
			</array>
			<key>mainGroup</key>
			<string>205BF4FF199B0B310070358A</string>
			<key>productRefGroup</key>
			<string>205BF509199B0B310070358A</string>
			<key>projectDirPath</key>
			<string></string>
			<key>projectReferences</key>
			<array/>
			<key>projectRoot</key>
			<string></string>
			<key>targets</key>
			<array>
				<string>205BF507199B0B310070358A</string>
				<string>205BF527199B0B320070358A</string>
			</array>
		</dict>
		<key>205BF503199B0B310070358A</key>
		<dict>
			<key>buildConfigurations</key>
			<array>
				<string>205BF538199B0B320070358A</string>
				<string>205BF539199B0B320070358A</string>
			</array>
			<key>defaultConfigurationIsVisible</key>
			<string>0</string>
			<key>defaultConfigurationName</key>
			<string>Release</string>
			<key>isa</key>
			<string>XCConfigurationList</string>
		</dict>
		<key>205BF504199B0B310070358A</key>
		<dict>
			<key>buildActionMask</key>
			<string>2147483647</string>
			<key>files</key>
			<array>
				<string>205BF54A199B20B30070358A</string>
				<string>20EAAD4519A6DD5A00BDF78A</string>
				<string>205BF547199B10AB0070358A</string>
				<string>2097452819A30E9300E2FF65</string>
				<string>205BF521199B0B320070358A</string>
				<string>20EAAD4919A6F2AC00BDF78A</string>
				<string>205BF51A199B0B310070358A</string>
				<string>205BF544199B10030070358A</string>
				<string>205BF51E199B0B320070358A</string>
				<string>6307EAEF199D977900E721FB</string>
				<string>8C9E5B0719A6C8BE0011ACE1</string>
				<string>2097452B19A318A100E2FF65</string>
			</array>
			<key>isa</key>
			<string>PBXSourcesBuildPhase</string>
			<key>runOnlyForDeploymentPostprocessing</key>
			<string>0</string>
		</dict>
		<key>205BF505199B0B310070358A</key>
		<dict>
			<key>buildActionMask</key>
			<string>2147483647</string>
			<key>files</key>
			<array>
				<string>205BF50E199B0B310070358A</string>
				<string>205BF512199B0B310070358A</string>
				<string>205BF510199B0B310070358A</string>
				<string>205BF50C199B0B310070358A</string>
			</array>
			<key>isa</key>
			<string>PBXFrameworksBuildPhase</string>
			<key>runOnlyForDeploymentPostprocessing</key>
			<string>0</string>
		</dict>
		<key>205BF506199B0B310070358A</key>
		<dict>
			<key>buildActionMask</key>
			<string>2147483647</string>
			<key>files</key>
			<array>
				<string>205BF541199B0C300070358A</string>
				<string>205BF518199B0B310070358A</string>
				<string>205BF523199B0B320070358A</string>
			</array>
			<key>isa</key>
			<string>PBXResourcesBuildPhase</string>
			<key>runOnlyForDeploymentPostprocessing</key>
			<string>0</string>
		</dict>
		<key>205BF507199B0B310070358A</key>
		<dict>
			<key>buildConfigurationList</key>
			<string>205BF53A199B0B320070358A</string>
			<key>buildPhases</key>
			<array>
				<string>205BF504199B0B310070358A</string>
				<string>205BF505199B0B310070358A</string>
				<string>205BF506199B0B310070358A</string>
			</array>
			<key>buildRules</key>
			<array/>
			<key>dependencies</key>
			<array/>
			<key>isa</key>
			<string>PBXNativeTarget</string>
			<key>name</key>
			<string>ppreminderer</string>
			<key>productName</key>
			<string>ppreminderer</string>
			<key>productReference</key>
			<string>205BF508199B0B310070358A</string>
			<key>productType</key>
			<string>com.apple.product-type.application</string>
		</dict>
		<key>205BF508199B0B310070358A</key>
		<dict>
			<key>explicitFileType</key>
			<string>wrapper.application</string>
			<key>includeInIndex</key>
			<string>0</string>
			<key>isa</key>
			<string>PBXFileReference</string>
			<key>path</key>
			<string>ppreminderer.app</string>
			<key>sourceTree</key>
			<string>BUILT_PRODUCTS_DIR</string>
		</dict>
		<key>205BF509199B0B310070358A</key>
		<dict>
			<key>children</key>
			<array>
				<string>205BF508199B0B310070358A</string>
				<string>205BF528199B0B320070358A</string>
			</array>
			<key>isa</key>
			<string>PBXGroup</string>
			<key>name</key>
			<string>Products</string>
			<key>sourceTree</key>
			<string>&lt;group&gt;</string>
		</dict>
		<key>205BF50A199B0B310070358A</key>
		<dict>
			<key>children</key>
			<array>
				<string>205BF50B199B0B310070358A</string>
				<string>205BF50D199B0B310070358A</string>
				<string>205BF50F199B0B310070358A</string>
				<string>205BF511199B0B310070358A</string>
				<string>205BF529199B0B320070358A</string>
			</array>
			<key>isa</key>
			<string>PBXGroup</string>
			<key>name</key>
			<string>Frameworks</string>
			<key>sourceTree</key>
			<string>&lt;group&gt;</string>
		</dict>
		<key>205BF50B199B0B310070358A</key>
		<dict>
			<key>isa</key>
			<string>PBXFileReference</string>
			<key>lastKnownFileType</key>
			<string>wrapper.framework</string>
			<key>name</key>
			<string>Foundation.framework</string>
			<key>path</key>
			<string>System/Library/Frameworks/Foundation.framework</string>
			<key>sourceTree</key>
			<string>SDKROOT</string>
		</dict>
		<key>205BF50C199B0B310070358A</key>
		<dict>
			<key>fileRef</key>
			<string>205BF50B199B0B310070358A</string>
			<key>isa</key>
			<string>PBXBuildFile</string>
		</dict>
		<key>205BF50D199B0B310070358A</key>
		<dict>
			<key>isa</key>
			<string>PBXFileReference</string>
			<key>lastKnownFileType</key>
			<string>wrapper.framework</string>
			<key>name</key>
			<string>CoreGraphics.framework</string>
			<key>path</key>
			<string>System/Library/Frameworks/CoreGraphics.framework</string>
			<key>sourceTree</key>
			<string>SDKROOT</string>
		</dict>
		<key>205BF50E199B0B310070358A</key>
		<dict>
			<key>fileRef</key>
			<string>205BF50D199B0B310070358A</string>
			<key>isa</key>
			<string>PBXBuildFile</string>
		</dict>
		<key>205BF50F199B0B310070358A</key>
		<dict>
			<key>isa</key>
			<string>PBXFileReference</string>
			<key>lastKnownFileType</key>
			<string>wrapper.framework</string>
			<key>name</key>
			<string>UIKit.framework</string>
			<key>path</key>
			<string>System/Library/Frameworks/UIKit.framework</string>
			<key>sourceTree</key>
			<string>SDKROOT</string>
		</dict>
		<key>205BF510199B0B310070358A</key>
		<dict>
			<key>fileRef</key>
			<string>205BF50F199B0B310070358A</string>
			<key>isa</key>
			<string>PBXBuildFile</string>
		</dict>
		<key>205BF511199B0B310070358A</key>
		<dict>
			<key>isa</key>
			<string>PBXFileReference</string>
			<key>lastKnownFileType</key>
			<string>wrapper.framework</string>
			<key>name</key>
			<string>CoreData.framework</string>
			<key>path</key>
			<string>System/Library/Frameworks/CoreData.framework</string>
			<key>sourceTree</key>
			<string>SDKROOT</string>
		</dict>
		<key>205BF512199B0B310070358A</key>
		<dict>
			<key>fileRef</key>
			<string>205BF511199B0B310070358A</string>
			<key>isa</key>
			<string>PBXBuildFile</string>
		</dict>
		<key>205BF513199B0B310070358A</key>
		<dict>
			<key>children</key>
			<array>
				<string>20EAAD4219A6DD1B00BDF78A</string>
				<string>205BF51C199B0B310070358A</string>
				<string>205BF51D199B0B320070358A</string>
				<string>205BF540199B0C300070358A</string>
				<string>2097452619A30E9300E2FF65</string>
				<string>2097452719A30E9300E2FF65</string>
				<string>2097452919A318A100E2FF65</string>
				<string>2097452A19A318A100E2FF65</string>
				<string>205BF54B199B23640070358A</string>
				<string>205BF548199B20B30070358A</string>
				<string>205BF549199B20B30070358A</string>
				<string>205BF542199B10030070358A</string>
				<string>205BF543199B10030070358A</string>
				<string>6307EAED199D977900E721FB</string>
				<string>6307EAEE199D977900E721FB</string>
				<string>205BF545199B10AB0070358A</string>
				<string>205BF546199B10AB0070358A</string>
				<string>205BF522199B0B320070358A</string>
				<string>205BF51F199B0B320070358A</string>
				<string>205BF514199B0B310070358A</string>
			</array>
			<key>isa</key>
			<string>PBXGroup</string>
			<key>path</key>
			<string>ppreminderer</string>
			<key>sourceTree</key>
			<string>&lt;group&gt;</string>
		</dict>
		<key>205BF514199B0B310070358A</key>
		<dict>
			<key>children</key>
			<array>
				<string>205BF515199B0B310070358A</string>
				<string>205BF516199B0B310070358A</string>
				<string>205BF519199B0B310070358A</string>
				<string>205BF51B199B0B310070358A</string>
			</array>
			<key>isa</key>
			<string>PBXGroup</string>
			<key>name</key>
			<string>Supporting Files</string>
			<key>sourceTree</key>
			<string>&lt;group&gt;</string>
		</dict>
		<key>205BF515199B0B310070358A</key>
		<dict>
			<key>isa</key>
			<string>PBXFileReference</string>
			<key>lastKnownFileType</key>
			<string>text.plist.xml</string>
			<key>path</key>
			<string>ppreminderer-Info.plist</string>
			<key>sourceTree</key>
			<string>&lt;group&gt;</string>
		</dict>
		<key>205BF516199B0B310070358A</key>
		<dict>
			<key>children</key>
			<array>
				<string>205BF517199B0B310070358A</string>
			</array>
			<key>isa</key>
			<string>PBXVariantGroup</string>
			<key>name</key>
			<string>InfoPlist.strings</string>
			<key>sourceTree</key>
			<string>&lt;group&gt;</string>
		</dict>
		<key>205BF517199B0B310070358A</key>
		<dict>
			<key>isa</key>
			<string>PBXFileReference</string>
			<key>lastKnownFileType</key>
			<string>text.plist.strings</string>
			<key>name</key>
			<string>en</string>
			<key>path</key>
			<string>en.lproj/InfoPlist.strings</string>
			<key>sourceTree</key>
			<string>&lt;group&gt;</string>
		</dict>
		<key>205BF518199B0B310070358A</key>
		<dict>
			<key>fileRef</key>
			<string>205BF516199B0B310070358A</string>
			<key>isa</key>
			<string>PBXBuildFile</string>
		</dict>
		<key>205BF519199B0B310070358A</key>
		<dict>
			<key>isa</key>
			<string>PBXFileReference</string>
			<key>lastKnownFileType</key>
			<string>sourcecode.c.objc</string>
			<key>path</key>
			<string>main.m</string>
			<key>sourceTree</key>
			<string>&lt;group&gt;</string>
		</dict>
		<key>205BF51A199B0B310070358A</key>
		<dict>
			<key>fileRef</key>
			<string>205BF519199B0B310070358A</string>
			<key>isa</key>
			<string>PBXBuildFile</string>
		</dict>
		<key>205BF51B199B0B310070358A</key>
		<dict>
			<key>isa</key>
			<string>PBXFileReference</string>
			<key>lastKnownFileType</key>
			<string>sourcecode.c.h</string>
			<key>path</key>
			<string>ppreminderer-Prefix.pch</string>
			<key>sourceTree</key>
			<string>&lt;group&gt;</string>
		</dict>
		<key>205BF51C199B0B310070358A</key>
		<dict>
			<key>isa</key>
			<string>PBXFileReference</string>
			<key>lastKnownFileType</key>
			<string>sourcecode.c.h</string>
			<key>path</key>
			<string>PPRAppDelegate.h</string>
			<key>sourceTree</key>
			<string>&lt;group&gt;</string>
		</dict>
		<key>205BF51D199B0B320070358A</key>
		<dict>
			<key>isa</key>
			<string>PBXFileReference</string>
			<key>lastKnownFileType</key>
			<string>sourcecode.c.objc</string>
			<key>path</key>
			<string>PPRAppDelegate.m</string>
			<key>sourceTree</key>
			<string>&lt;group&gt;</string>
		</dict>
		<key>205BF51E199B0B320070358A</key>
		<dict>
			<key>fileRef</key>
			<string>205BF51D199B0B320070358A</string>
			<key>isa</key>
			<string>PBXBuildFile</string>
		</dict>
		<key>205BF51F199B0B320070358A</key>
		<dict>
			<key>children</key>
			<array>
				<string>205BF520199B0B320070358A</string>
			</array>
			<key>currentVersion</key>
			<string>205BF520199B0B320070358A</string>
			<key>isa</key>
			<string>XCVersionGroup</string>
			<key>path</key>
			<string>ppreminderer.xcdatamodeld</string>
			<key>sourceTree</key>
			<string>&lt;group&gt;</string>
			<key>versionGroupType</key>
			<string>wrapper.xcdatamodel</string>
		</dict>
		<key>205BF520199B0B320070358A</key>
		<dict>
			<key>isa</key>
			<string>PBXFileReference</string>
			<key>lastKnownFileType</key>
			<string>wrapper.xcdatamodel</string>
			<key>path</key>
			<string>ppreminderer.xcdatamodel</string>
			<key>sourceTree</key>
			<string>&lt;group&gt;</string>
		</dict>
		<key>205BF521199B0B320070358A</key>
		<dict>
			<key>fileRef</key>
			<string>205BF51F199B0B320070358A</string>
			<key>isa</key>
			<string>PBXBuildFile</string>
		</dict>
		<key>205BF522199B0B320070358A</key>
		<dict>
			<key>isa</key>
			<string>PBXFileReference</string>
			<key>lastKnownFileType</key>
			<string>folder.assetcatalog</string>
			<key>path</key>
			<string>Images.xcassets</string>
			<key>sourceTree</key>
			<string>&lt;group&gt;</string>
		</dict>
		<key>205BF523199B0B320070358A</key>
		<dict>
			<key>fileRef</key>
			<string>205BF522199B0B320070358A</string>
			<key>isa</key>
			<string>PBXBuildFile</string>
		</dict>
		<key>205BF524199B0B320070358A</key>
		<dict>
			<key>buildActionMask</key>
			<string>2147483647</string>
			<key>files</key>
			<array>
				<string>8C9E5B0819A6C8BE0011ACE1</string>
				<string>205BF537199B0B320070358A</string>
				<string>20EAAD4619A6DD5A00BDF78A</string>
			</array>
			<key>isa</key>
			<string>PBXSourcesBuildPhase</string>
			<key>runOnlyForDeploymentPostprocessing</key>
			<string>0</string>
		</dict>
		<key>205BF525199B0B320070358A</key>
		<dict>
			<key>buildActionMask</key>
			<string>2147483647</string>
			<key>files</key>
			<array>
				<string>205BF52A199B0B320070358A</string>
				<string>205BF52D199B0B320070358A</string>
				<string>205BF52C199B0B320070358A</string>
				<string>205BF52B199B0B320070358A</string>
			</array>
			<key>isa</key>
			<string>PBXFrameworksBuildPhase</string>
			<key>runOnlyForDeploymentPostprocessing</key>
			<string>0</string>
		</dict>
		<key>205BF526199B0B320070358A</key>
		<dict>
			<key>buildActionMask</key>
			<string>2147483647</string>
			<key>files</key>
			<array>
				<string>205BF535199B0B320070358A</string>
			</array>
			<key>isa</key>
			<string>PBXResourcesBuildPhase</string>
			<key>runOnlyForDeploymentPostprocessing</key>
			<string>0</string>
		</dict>
		<key>205BF527199B0B320070358A</key>
		<dict>
			<key>buildConfigurationList</key>
			<string>205BF53D199B0B320070358A</string>
			<key>buildPhases</key>
			<array>
				<string>205BF524199B0B320070358A</string>
				<string>205BF525199B0B320070358A</string>
				<string>205BF526199B0B320070358A</string>
			</array>
			<key>buildRules</key>
			<array/>
			<key>dependencies</key>
			<array>
				<string>205BF52F199B0B320070358A</string>
			</array>
			<key>isa</key>
			<string>PBXNativeTarget</string>
			<key>name</key>
			<string>ppremindererTests</string>
			<key>productName</key>
			<string>ppremindererTests</string>
			<key>productReference</key>
			<string>205BF528199B0B320070358A</string>
			<key>productType</key>
			<string>com.apple.product-type.bundle.unit-test</string>
		</dict>
		<key>205BF528199B0B320070358A</key>
		<dict>
			<key>explicitFileType</key>
			<string>wrapper.cfbundle</string>
			<key>includeInIndex</key>
			<string>0</string>
			<key>isa</key>
			<string>PBXFileReference</string>
			<key>path</key>
			<string>ppremindererTests.xctest</string>
			<key>sourceTree</key>
			<string>BUILT_PRODUCTS_DIR</string>
		</dict>
		<key>205BF529199B0B320070358A</key>
		<dict>
			<key>isa</key>
			<string>PBXFileReference</string>
			<key>lastKnownFileType</key>
			<string>wrapper.framework</string>
			<key>name</key>
			<string>XCTest.framework</string>
			<key>path</key>
			<string>Library/Frameworks/XCTest.framework</string>
			<key>sourceTree</key>
			<string>DEVELOPER_DIR</string>
		</dict>
		<key>205BF52A199B0B320070358A</key>
		<dict>
			<key>fileRef</key>
			<string>205BF529199B0B320070358A</string>
			<key>isa</key>
			<string>PBXBuildFile</string>
		</dict>
		<key>205BF52B199B0B320070358A</key>
		<dict>
			<key>fileRef</key>
			<string>205BF50B199B0B310070358A</string>
			<key>isa</key>
			<string>PBXBuildFile</string>
		</dict>
		<key>205BF52C199B0B320070358A</key>
		<dict>
			<key>fileRef</key>
			<string>205BF50F199B0B310070358A</string>
			<key>isa</key>
			<string>PBXBuildFile</string>
		</dict>
		<key>205BF52D199B0B320070358A</key>
		<dict>
			<key>fileRef</key>
			<string>205BF511199B0B310070358A</string>
			<key>isa</key>
			<string>PBXBuildFile</string>
		</dict>
		<key>205BF52E199B0B320070358A</key>
		<dict>
			<key>containerPortal</key>
			<string>205BF500199B0B310070358A</string>
			<key>isa</key>
			<string>PBXContainerItemProxy</string>
			<key>proxyType</key>
			<string>1</string>
			<key>remoteGlobalIDString</key>
			<string>205BF507199B0B310070358A</string>
			<key>remoteInfo</key>
			<string>ppreminderer</string>
		</dict>
		<key>205BF52F199B0B320070358A</key>
		<dict>
			<key>isa</key>
			<string>PBXTargetDependency</string>
			<key>target</key>
			<string>205BF507199B0B310070358A</string>
			<key>targetProxy</key>
			<string>205BF52E199B0B320070358A</string>
		</dict>
		<key>205BF530199B0B320070358A</key>
		<dict>
			<key>children</key>
			<array>
				<string>205BF536199B0B320070358A</string>
				<string>205BF531199B0B320070358A</string>
			</array>
			<key>isa</key>
			<string>PBXGroup</string>
			<key>path</key>
			<string>ppremindererTests</string>
			<key>sourceTree</key>
			<string>&lt;group&gt;</string>
		</dict>
		<key>205BF531199B0B320070358A</key>
		<dict>
			<key>children</key>
			<array>
				<string>205BF532199B0B320070358A</string>
				<string>205BF533199B0B320070358A</string>
			</array>
			<key>isa</key>
			<string>PBXGroup</string>
			<key>name</key>
			<string>Supporting Files</string>
			<key>sourceTree</key>
			<string>&lt;group&gt;</string>
		</dict>
		<key>205BF532199B0B320070358A</key>
		<dict>
			<key>isa</key>
			<string>PBXFileReference</string>
			<key>lastKnownFileType</key>
			<string>text.plist.xml</string>
			<key>path</key>
			<string>ppremindererTests-Info.plist</string>
			<key>sourceTree</key>
			<string>&lt;group&gt;</string>
		</dict>
		<key>205BF533199B0B320070358A</key>
		<dict>
			<key>children</key>
			<array>
				<string>205BF534199B0B320070358A</string>
			</array>
			<key>isa</key>
			<string>PBXVariantGroup</string>
			<key>name</key>
			<string>InfoPlist.strings</string>
			<key>sourceTree</key>
			<string>&lt;group&gt;</string>
		</dict>
		<key>205BF534199B0B320070358A</key>
		<dict>
			<key>isa</key>
			<string>PBXFileReference</string>
			<key>lastKnownFileType</key>
			<string>text.plist.strings</string>
			<key>name</key>
			<string>en</string>
			<key>path</key>
			<string>en.lproj/InfoPlist.strings</string>
			<key>sourceTree</key>
			<string>&lt;group&gt;</string>
		</dict>
		<key>205BF535199B0B320070358A</key>
		<dict>
			<key>fileRef</key>
			<string>205BF533199B0B320070358A</string>
			<key>isa</key>
			<string>PBXBuildFile</string>
		</dict>
		<key>205BF536199B0B320070358A</key>
		<dict>
			<key>isa</key>
			<string>PBXFileReference</string>
			<key>lastKnownFileType</key>
			<string>sourcecode.c.objc</string>
			<key>path</key>
			<string>ppremindererTests.m</string>
			<key>sourceTree</key>
			<string>&lt;group&gt;</string>
		</dict>
		<key>205BF537199B0B320070358A</key>
		<dict>
			<key>fileRef</key>
			<string>205BF536199B0B320070358A</string>
			<key>isa</key>
			<string>PBXBuildFile</string>
		</dict>
		<key>205BF538199B0B320070358A</key>
		<dict>
			<key>buildSettings</key>
			<dict>
				<key>ALWAYS_SEARCH_USER_PATHS</key>
				<string>NO</string>
				<key>CLANG_CXX_LANGUAGE_STANDARD</key>
				<string>gnu++0x</string>
				<key>CLANG_CXX_LIBRARY</key>
				<string>libc++</string>
				<key>CLANG_ENABLE_MODULES</key>
				<string>YES</string>
				<key>CLANG_ENABLE_OBJC_ARC</key>
				<string>YES</string>
				<key>CLANG_WARN_BOOL_CONVERSION</key>
				<string>YES</string>
				<key>CLANG_WARN_CONSTANT_CONVERSION</key>
				<string>YES</string>
				<key>CLANG_WARN_DIRECT_OBJC_ISA_USAGE</key>
				<string>YES_ERROR</string>
				<key>CLANG_WARN_EMPTY_BODY</key>
				<string>YES</string>
				<key>CLANG_WARN_ENUM_CONVERSION</key>
				<string>YES</string>
				<key>CLANG_WARN_INT_CONVERSION</key>
				<string>YES</string>
				<key>CLANG_WARN_OBJC_ROOT_CLASS</key>
				<string>YES_ERROR</string>
				<key>CLANG_WARN__DUPLICATE_METHOD_MATCH</key>
				<string>YES</string>
				<key>CODE_SIGN_IDENTITY[sdk=iphoneos*]</key>
				<string>iPhone Developer</string>
				<key>COPY_PHASE_STRIP</key>
				<string>NO</string>
				<key>GCC_C_LANGUAGE_STANDARD</key>
				<string>gnu99</string>
				<key>GCC_DYNAMIC_NO_PIC</key>
				<string>NO</string>
				<key>GCC_OPTIMIZATION_LEVEL</key>
				<string>0</string>
				<key>GCC_PREPROCESSOR_DEFINITIONS</key>
				<array>
					<string>DEBUG=1</string>
					<string>$(inherited)</string>
				</array>
				<key>GCC_SYMBOLS_PRIVATE_EXTERN</key>
				<string>NO</string>
				<key>GCC_WARN_64_TO_32_BIT_CONVERSION</key>
				<string>YES</string>
				<key>GCC_WARN_ABOUT_RETURN_TYPE</key>
				<string>YES_ERROR</string>
				<key>GCC_WARN_UNDECLARED_SELECTOR</key>
				<string>YES</string>
				<key>GCC_WARN_UNINITIALIZED_AUTOS</key>
				<string>YES_AGGRESSIVE</string>
				<key>GCC_WARN_UNUSED_FUNCTION</key>
				<string>YES</string>
				<key>GCC_WARN_UNUSED_VARIABLE</key>
				<string>YES</string>
				<key>IPHONEOS_DEPLOYMENT_TARGET</key>
				<string>7.1</string>
				<key>ONLY_ACTIVE_ARCH</key>
				<string>YES</string>
				<key>SDKROOT</key>
				<string>iphoneos</string>
				<key>TARGETED_DEVICE_FAMILY</key>
				<string>1,2</string>
			</dict>
			<key>isa</key>
			<string>XCBuildConfiguration</string>
			<key>name</key>
			<string>Debug</string>
		</dict>
		<key>205BF539199B0B320070358A</key>
		<dict>
			<key>buildSettings</key>
			<dict>
				<key>ALWAYS_SEARCH_USER_PATHS</key>
				<string>NO</string>
				<key>CLANG_CXX_LANGUAGE_STANDARD</key>
				<string>gnu++0x</string>
				<key>CLANG_CXX_LIBRARY</key>
				<string>libc++</string>
				<key>CLANG_ENABLE_MODULES</key>
				<string>YES</string>
				<key>CLANG_ENABLE_OBJC_ARC</key>
				<string>YES</string>
				<key>CLANG_WARN_BOOL_CONVERSION</key>
				<string>YES</string>
				<key>CLANG_WARN_CONSTANT_CONVERSION</key>
				<string>YES</string>
				<key>CLANG_WARN_DIRECT_OBJC_ISA_USAGE</key>
				<string>YES_ERROR</string>
				<key>CLANG_WARN_EMPTY_BODY</key>
				<string>YES</string>
				<key>CLANG_WARN_ENUM_CONVERSION</key>
				<string>YES</string>
				<key>CLANG_WARN_INT_CONVERSION</key>
				<string>YES</string>
				<key>CLANG_WARN_OBJC_ROOT_CLASS</key>
				<string>YES_ERROR</string>
				<key>CLANG_WARN__DUPLICATE_METHOD_MATCH</key>
				<string>YES</string>
				<key>CODE_SIGN_IDENTITY[sdk=iphoneos*]</key>
				<string>iPhone Distribution: Pegwing Pty Ltd (VY33H569Y3)</string>
				<key>COPY_PHASE_STRIP</key>
				<string>YES</string>
				<key>ENABLE_NS_ASSERTIONS</key>
				<string>NO</string>
				<key>GCC_C_LANGUAGE_STANDARD</key>
				<string>gnu99</string>
				<key>GCC_WARN_64_TO_32_BIT_CONVERSION</key>
				<string>YES</string>
				<key>GCC_WARN_ABOUT_RETURN_TYPE</key>
				<string>YES_ERROR</string>
				<key>GCC_WARN_UNDECLARED_SELECTOR</key>
				<string>YES</string>
				<key>GCC_WARN_UNINITIALIZED_AUTOS</key>
				<string>YES_AGGRESSIVE</string>
				<key>GCC_WARN_UNUSED_FUNCTION</key>
				<string>YES</string>
				<key>GCC_WARN_UNUSED_VARIABLE</key>
				<string>YES</string>
				<key>IPHONEOS_DEPLOYMENT_TARGET</key>
				<string>7.1</string>
				<key>SDKROOT</key>
				<string>iphoneos</string>
				<key>TARGETED_DEVICE_FAMILY</key>
				<string>1,2</string>
				<key>VALIDATE_PRODUCT</key>
				<string>YES</string>
			</dict>
			<key>isa</key>
			<string>XCBuildConfiguration</string>
			<key>name</key>
			<string>Release</string>
		</dict>
		<key>205BF53A199B0B320070358A</key>
		<dict>
			<key>buildConfigurations</key>
			<array>
				<string>205BF53B199B0B320070358A</string>
				<string>205BF53C199B0B320070358A</string>
			</array>
			<key>defaultConfigurationIsVisible</key>
			<string>0</string>
			<key>defaultConfigurationName</key>
			<string>Release</string>
			<key>isa</key>
			<string>XCConfigurationList</string>
		</dict>
		<key>205BF53B199B0B320070358A</key>
		<dict>
			<key>buildSettings</key>
			<dict>
				<key>ASSETCATALOG_COMPILER_APPICON_NAME</key>
				<string>AppIcon</string>
				<key>ASSETCATALOG_COMPILER_LAUNCHIMAGE_NAME</key>
				<string>LaunchImage</string>
				<key>CODE_SIGN_IDENTITY</key>
				<string>iPhone Developer</string>
				<key>CODE_SIGN_IDENTITY[sdk=iphoneos*]</key>
				<string>iPhone Developer</string>
				<key>GCC_PRECOMPILE_PREFIX_HEADER</key>
				<string>YES</string>
				<key>GCC_PREFIX_HEADER</key>
				<string>ppreminderer/ppreminderer-Prefix.pch</string>
				<key>INFOPLIST_FILE</key>
				<string>ppreminderer/ppreminderer-Info.plist</string>
				<key>LIBRARY_SEARCH_PATHS</key>
				<array>
					<string>$(inherited)</string>
					<string>$(FRANK_LIBRARY_SEARCH_PATHS)</string>
				</array>
				<key>OTHER_LDFLAGS</key>
				<array>
					<string>$(inherited)</string>
					<string>$(FRANK_LDFLAGS)</string>
				</array>
				<key>PRODUCT_NAME</key>
				<string>$(TARGET_NAME)</string>
				<key>PROVISIONING_PROFILE</key>
				<string>8e6455fa-c939-430e-b0b5-23e1ddcf5c78</string>
				<key>TARGETED_DEVICE_FAMILY</key>
				<string>1</string>
				<key>WRAPPER_EXTENSION</key>
				<string>app</string>
			</dict>
			<key>isa</key>
			<string>XCBuildConfiguration</string>
			<key>name</key>
			<string>Debug</string>
		</dict>
		<key>205BF53C199B0B320070358A</key>
		<dict>
			<key>buildSettings</key>
			<dict>
				<key>ASSETCATALOG_COMPILER_APPICON_NAME</key>
				<string>AppIcon</string>
				<key>ASSETCATALOG_COMPILER_LAUNCHIMAGE_NAME</key>
				<string>LaunchImage</string>
				<key>CODE_SIGN_IDENTITY</key>
				<string>iPhone Distribution: Pegwing Pty Ltd (VY33H569Y3)</string>
				<key>CODE_SIGN_IDENTITY[sdk=iphoneos*]</key>
				<string>iPhone Distribution: Pegwing Pty Ltd (VY33H569Y3)</string>
				<key>GCC_PRECOMPILE_PREFIX_HEADER</key>
				<string>YES</string>
				<key>GCC_PREFIX_HEADER</key>
				<string>ppreminderer/ppreminderer-Prefix.pch</string>
				<key>INFOPLIST_FILE</key>
				<string>ppreminderer/ppreminderer-Info.plist</string>
				<key>PRODUCT_NAME</key>
				<string>$(TARGET_NAME)</string>
				<key>PROVISIONING_PROFILE</key>
				<string>8e6455fa-c939-430e-b0b5-23e1ddcf5c78</string>
				<key>TARGETED_DEVICE_FAMILY</key>
				<string>1</string>
				<key>WRAPPER_EXTENSION</key>
				<string>app</string>
			</dict>
			<key>isa</key>
			<string>XCBuildConfiguration</string>
			<key>name</key>
			<string>Release</string>
		</dict>
		<key>205BF53D199B0B320070358A</key>
		<dict>
			<key>buildConfigurations</key>
			<array>
				<string>205BF53E199B0B320070358A</string>
				<string>205BF53F199B0B320070358A</string>
			</array>
			<key>defaultConfigurationIsVisible</key>
			<string>0</string>
			<key>defaultConfigurationName</key>
			<string>Release</string>
			<key>isa</key>
			<string>XCConfigurationList</string>
		</dict>
		<key>205BF53E199B0B320070358A</key>
		<dict>
			<key>buildSettings</key>
			<dict>
				<key>BUNDLE_LOADER</key>
				<string>$(BUILT_PRODUCTS_DIR)/ppreminderer.app/ppreminderer</string>
				<key>FRAMEWORK_SEARCH_PATHS</key>
				<array>
					<string>$(SDKROOT)/Developer/Library/Frameworks</string>
					<string>$(inherited)</string>
					<string>$(DEVELOPER_FRAMEWORKS_DIR)</string>
				</array>
				<key>GCC_PRECOMPILE_PREFIX_HEADER</key>
				<string>YES</string>
				<key>GCC_PREFIX_HEADER</key>
				<string>ppreminderer/ppreminderer-Prefix.pch</string>
				<key>GCC_PREPROCESSOR_DEFINITIONS</key>
				<array>
					<string>DEBUG=1</string>
					<string>$(inherited)</string>
				</array>
				<key>INFOPLIST_FILE</key>
				<string>ppremindererTests/ppremindererTests-Info.plist</string>
				<key>PRODUCT_NAME</key>
				<string>$(TARGET_NAME)</string>
				<key>TEST_HOST</key>
				<string>$(BUNDLE_LOADER)</string>
				<key>WRAPPER_EXTENSION</key>
				<string>xctest</string>
			</dict>
			<key>isa</key>
			<string>XCBuildConfiguration</string>
			<key>name</key>
			<string>Debug</string>
		</dict>
		<key>205BF53F199B0B320070358A</key>
		<dict>
			<key>buildSettings</key>
			<dict>
				<key>BUNDLE_LOADER</key>
				<string>$(BUILT_PRODUCTS_DIR)/ppreminderer.app/ppreminderer</string>
				<key>FRAMEWORK_SEARCH_PATHS</key>
				<array>
					<string>$(SDKROOT)/Developer/Library/Frameworks</string>
					<string>$(inherited)</string>
					<string>$(DEVELOPER_FRAMEWORKS_DIR)</string>
				</array>
				<key>GCC_PRECOMPILE_PREFIX_HEADER</key>
				<string>YES</string>
				<key>GCC_PREFIX_HEADER</key>
				<string>ppreminderer/ppreminderer-Prefix.pch</string>
				<key>INFOPLIST_FILE</key>
				<string>ppremindererTests/ppremindererTests-Info.plist</string>
				<key>PRODUCT_NAME</key>
				<string>$(TARGET_NAME)</string>
				<key>TEST_HOST</key>
				<string>$(BUNDLE_LOADER)</string>
				<key>WRAPPER_EXTENSION</key>
				<string>xctest</string>
			</dict>
			<key>isa</key>
			<string>XCBuildConfiguration</string>
			<key>name</key>
			<string>Release</string>
		</dict>
		<key>205BF540199B0C300070358A</key>
		<dict>
			<key>fileEncoding</key>
			<string>4</string>
			<key>isa</key>
			<string>PBXFileReference</string>
			<key>lastKnownFileType</key>
			<string>file.storyboard</string>
			<key>path</key>
			<string>Main.storyboard</string>
			<key>sourceTree</key>
			<string>&lt;group&gt;</string>
		</dict>
		<key>205BF541199B0C300070358A</key>
		<dict>
			<key>fileRef</key>
			<string>205BF540199B0C300070358A</string>
			<key>isa</key>
			<string>PBXBuildFile</string>
		</dict>
		<key>205BF542199B10030070358A</key>
		<dict>
			<key>fileEncoding</key>
			<string>4</string>
			<key>isa</key>
			<string>PBXFileReference</string>
			<key>lastKnownFileType</key>
			<string>sourcecode.c.h</string>
			<key>path</key>
			<string>PPRClientTableViewController.h</string>
			<key>sourceTree</key>
			<string>&lt;group&gt;</string>
		</dict>
		<key>205BF543199B10030070358A</key>
		<dict>
			<key>fileEncoding</key>
			<string>4</string>
			<key>isa</key>
			<string>PBXFileReference</string>
			<key>lastKnownFileType</key>
			<string>sourcecode.c.objc</string>
			<key>path</key>
			<string>PPRClientTableViewController.m</string>
			<key>sourceTree</key>
			<string>&lt;group&gt;</string>
		</dict>
		<key>205BF544199B10030070358A</key>
		<dict>
			<key>fileRef</key>
			<string>205BF543199B10030070358A</string>
			<key>isa</key>
			<string>PBXBuildFile</string>
		</dict>
		<key>205BF545199B10AB0070358A</key>
		<dict>
			<key>fileEncoding</key>
			<string>4</string>
			<key>isa</key>
			<string>PBXFileReference</string>
			<key>lastKnownFileType</key>
			<string>sourcecode.c.h</string>
			<key>path</key>
			<string>PPRScheduleTableViewController.h</string>
			<key>sourceTree</key>
			<string>&lt;group&gt;</string>
		</dict>
		<key>205BF546199B10AB0070358A</key>
		<dict>
			<key>fileEncoding</key>
			<string>4</string>
			<key>isa</key>
			<string>PBXFileReference</string>
			<key>lastKnownFileType</key>
			<string>sourcecode.c.objc</string>
			<key>path</key>
			<string>PPRScheduleTableViewController.m</string>
			<key>sourceTree</key>
			<string>&lt;group&gt;</string>
		</dict>
		<key>205BF547199B10AB0070358A</key>
		<dict>
			<key>fileRef</key>
			<string>205BF546199B10AB0070358A</string>
			<key>isa</key>
			<string>PBXBuildFile</string>
		</dict>
		<key>205BF548199B20B30070358A</key>
		<dict>
			<key>fileEncoding</key>
			<string>4</string>
			<key>isa</key>
			<string>PBXFileReference</string>
			<key>lastKnownFileType</key>
			<string>sourcecode.c.h</string>
			<key>path</key>
			<string>PPRClientViewController.h</string>
			<key>sourceTree</key>
			<string>&lt;group&gt;</string>
		</dict>
		<key>205BF549199B20B30070358A</key>
		<dict>
			<key>fileEncoding</key>
			<string>4</string>
			<key>isa</key>
			<string>PBXFileReference</string>
			<key>lastKnownFileType</key>
			<string>sourcecode.c.objc</string>
			<key>path</key>
			<string>PPRClientViewController.m</string>
			<key>sourceTree</key>
			<string>&lt;group&gt;</string>
		</dict>
		<key>205BF54A199B20B30070358A</key>
		<dict>
			<key>fileRef</key>
			<string>205BF549199B20B30070358A</string>
			<key>isa</key>
			<string>PBXBuildFile</string>
		</dict>
		<key>205BF54B199B23640070358A</key>
		<dict>
			<key>isa</key>
			<string>PBXFileReference</string>
			<key>lastKnownFileType</key>
			<string>sourcecode.c.h</string>
			<key>path</key>
			<string>StringKeys.h</string>
			<key>sourceTree</key>
			<string>&lt;group&gt;</string>
		</dict>
		<key>2097452619A30E9300E2FF65</key>
		<dict>
			<key>fileEncoding</key>
			<string>4</string>
			<key>isa</key>
			<string>PBXFileReference</string>
			<key>lastKnownFileType</key>
			<string>sourcecode.c.h</string>
			<key>path</key>
			<string>PPRShiftViewController.h</string>
			<key>sourceTree</key>
			<string>&lt;group&gt;</string>
		</dict>
		<key>2097452719A30E9300E2FF65</key>
		<dict>
			<key>fileEncoding</key>
			<string>4</string>
			<key>isa</key>
			<string>PBXFileReference</string>
			<key>lastKnownFileType</key>
			<string>sourcecode.c.objc</string>
			<key>path</key>
			<string>PPRShiftViewController.m</string>
			<key>sourceTree</key>
			<string>&lt;group&gt;</string>
		</dict>
		<key>2097452819A30E9300E2FF65</key>
		<dict>
			<key>fileRef</key>
			<string>2097452719A30E9300E2FF65</string>
			<key>isa</key>
			<string>PBXBuildFile</string>
		</dict>
		<key>2097452919A318A100E2FF65</key>
		<dict>
			<key>fileEncoding</key>
			<string>4</string>
			<key>isa</key>
			<string>PBXFileReference</string>
			<key>lastKnownFileType</key>
			<string>sourcecode.c.h</string>
			<key>path</key>
			<string>PPRFacilitySelectionViewController.h</string>
			<key>sourceTree</key>
			<string>&lt;group&gt;</string>
		</dict>
		<key>2097452A19A318A100E2FF65</key>
		<dict>
			<key>fileEncoding</key>
			<string>4</string>
			<key>isa</key>
			<string>PBXFileReference</string>
			<key>lastKnownFileType</key>
			<string>sourcecode.c.objc</string>
			<key>path</key>
			<string>PPRFacilitySelectionViewController.m</string>
			<key>sourceTree</key>
			<string>&lt;group&gt;</string>
		</dict>
		<key>2097452B19A318A100E2FF65</key>
		<dict>
			<key>fileRef</key>
			<string>2097452A19A318A100E2FF65</string>
			<key>isa</key>
			<string>PBXBuildFile</string>
		</dict>
		<key>20EAAD4219A6DD1B00BDF78A</key>
		<dict>
			<key>children</key>
			<array>
				<string>20EAAD4319A6DD5A00BDF78A</string>
				<string>20EAAD4419A6DD5A00BDF78A</string>
				<string>20EAAD4719A6F2AC00BDF78A</string>
				<string>20EAAD4819A6F2AC00BDF78A</string>
				<string>8C9E5B0519A6C8BE0011ACE1</string>
				<string>8C9E5B0619A6C8BE0011ACE1</string>
			</array>
			<key>isa</key>
			<string>PBXGroup</string>
			<key>name</key>
			<string>Managers</string>
			<key>sourceTree</key>
			<string>&lt;group&gt;</string>
		</dict>
		<key>20EAAD4319A6DD5A00BDF78A</key>
		<dict>
			<key>fileEncoding</key>
			<string>4</string>
			<key>isa</key>
			<string>PBXFileReference</string>
			<key>lastKnownFileType</key>
			<string>sourcecode.c.h</string>
			<key>name</key>
			<string>PPRClientManager.h</string>
			<key>path</key>
			<string>Managers/PPRClientManager.h</string>
			<key>sourceTree</key>
			<string>&lt;group&gt;</string>
		</dict>
		<key>20EAAD4419A6DD5A00BDF78A</key>
		<dict>
			<key>fileEncoding</key>
			<string>4</string>
			<key>isa</key>
			<string>PBXFileReference</string>
			<key>lastKnownFileType</key>
			<string>sourcecode.c.objc</string>
			<key>name</key>
			<string>PPRClientManager.m</string>
			<key>path</key>
			<string>Managers/PPRClientManager.m</string>
			<key>sourceTree</key>
			<string>&lt;group&gt;</string>
		</dict>
		<key>20EAAD4519A6DD5A00BDF78A</key>
		<dict>
			<key>fileRef</key>
			<string>20EAAD4419A6DD5A00BDF78A</string>
			<key>isa</key>
			<string>PBXBuildFile</string>
		</dict>
		<key>20EAAD4619A6DD5A00BDF78A</key>
		<dict>
			<key>fileRef</key>
			<string>20EAAD4419A6DD5A00BDF78A</string>
			<key>isa</key>
			<string>PBXBuildFile</string>
		</dict>
		<key>20EAAD4719A6F2AC00BDF78A</key>
		<dict>
			<key>fileEncoding</key>
			<string>4</string>
			<key>isa</key>
			<string>PBXFileReference</string>
			<key>lastKnownFileType</key>
			<string>sourcecode.c.h</string>
			<key>name</key>
			<string>PPRFacilityManager.h</string>
			<key>path</key>
			<string>Managers/PPRFacilityManager.h</string>
			<key>sourceTree</key>
			<string>&lt;group&gt;</string>
		</dict>
		<key>20EAAD4819A6F2AC00BDF78A</key>
		<dict>
			<key>fileEncoding</key>
			<string>4</string>
			<key>isa</key>
			<string>PBXFileReference</string>
			<key>lastKnownFileType</key>
			<string>sourcecode.c.objc</string>
			<key>name</key>
			<string>PPRFacilityManager.m</string>
			<key>path</key>
			<string>Managers/PPRFacilityManager.m</string>
			<key>sourceTree</key>
			<string>&lt;group&gt;</string>
		</dict>
		<key>20EAAD4919A6F2AC00BDF78A</key>
		<dict>
			<key>fileRef</key>
			<string>20EAAD4819A6F2AC00BDF78A</string>
			<key>isa</key>
			<string>PBXBuildFile</string>
		</dict>
		<key>6307EAED199D977900E721FB</key>
		<dict>
			<key>fileEncoding</key>
			<string>4</string>
			<key>isa</key>
			<string>PBXFileReference</string>
			<key>lastKnownFileType</key>
			<string>sourcecode.c.h</string>
			<key>path</key>
			<string>PPRActionViewController.h</string>
			<key>sourceTree</key>
			<string>&lt;group&gt;</string>
		</dict>
		<key>6307EAEE199D977900E721FB</key>
		<dict>
			<key>fileEncoding</key>
			<string>4</string>
			<key>isa</key>
			<string>PBXFileReference</string>
			<key>lastKnownFileType</key>
			<string>sourcecode.c.objc</string>
			<key>path</key>
			<string>PPRActionViewController.m</string>
			<key>sourceTree</key>
			<string>&lt;group&gt;</string>
		</dict>
		<key>6307EAEF199D977900E721FB</key>
		<dict>
			<key>fileRef</key>
			<string>6307EAEE199D977900E721FB</string>
			<key>isa</key>
			<string>PBXBuildFile</string>
		</dict>
		<key>8C9E5B0519A6C8BE0011ACE1</key>
		<dict>
			<key>fileEncoding</key>
			<string>4</string>
			<key>isa</key>
			<string>PBXFileReference</string>
			<key>lastKnownFileType</key>
			<string>sourcecode.c.h</string>
			<key>name</key>
			<string>PPRActionManager.h</string>
			<key>path</key>
			<string>Managers/PPRActionManager.h</string>
			<key>sourceTree</key>
			<string>&lt;group&gt;</string>
		</dict>
		<key>8C9E5B0619A6C8BE0011ACE1</key>
		<dict>
			<key>fileEncoding</key>
			<string>4</string>
			<key>isa</key>
			<string>PBXFileReference</string>
			<key>lastKnownFileType</key>
			<string>sourcecode.c.objc</string>
			<key>name</key>
			<string>PPRActionManager.m</string>
			<key>path</key>
			<string>Managers/PPRActionManager.m</string>
			<key>sourceTree</key>
			<string>&lt;group&gt;</string>
		</dict>
		<key>8C9E5B0719A6C8BE0011ACE1</key>
		<dict>
			<key>fileRef</key>
			<string>8C9E5B0619A6C8BE0011ACE1</string>
			<key>isa</key>
			<string>PBXBuildFile</string>
		</dict>
		<key>8C9E5B0819A6C8BE0011ACE1</key>
		<dict>
			<key>fileRef</key>
			<string>8C9E5B0619A6C8BE0011ACE1</string>
			<key>isa</key>
			<string>PBXBuildFile</string>
		</dict>
	</dict>
	<key>rootObject</key>
	<string>205BF500199B0B310070358A</string>
</dict>
</plist>
